
Microsoft Visual Studio Solution File, Format Version 12.00
# Visual Studio Version 17
VisualStudioVersion = 17.10.35027.167
MinimumVisualStudioVersion = 10.0.40219.1
Project("{2150E333-8FDC-42A3-9474-1A3956D46DE8}") = "Services", "Services", "{5AC6C070-3CBE-4D41-A582-B4D0CB0754B0}"
EndProject
Project("{2150E333-8FDC-42A3-9474-1A3956D46DE8}") = "Catalog", "Catalog", "{BF73FC1A-FA9C-4B45-8969-8FF9C21F3FE2}"
EndProject
Project("{FAE04EC0-301F-11D3-BF4B-00C04F79EFBC}") = "Catalog.API", "Catalog.API\Catalog.API.csproj", "{7A2E7F44-B637-4510-918C-430A0F269EE5}"
EndProject
Global
	GlobalSection(SolutionConfigurationPlatforms) = preSolution
		Debug|Any CPU = Debug|Any CPU
		Release|Any CPU = Release|Any CPU
	EndGlobalSection
	GlobalSection(ProjectConfigurationPlatforms) = postSolution
		{7A2E7F44-B637-4510-918C-430A0F269EE5}.Debug|Any CPU.ActiveCfg = Debug|Any CPU
		{7A2E7F44-B637-4510-918C-430A0F269EE5}.Debug|Any CPU.Build.0 = Debug|Any CPU
		{7A2E7F44-B637-4510-918C-430A0F269EE5}.Release|Any CPU.ActiveCfg = Release|Any CPU
		{7A2E7F44-B637-4510-918C-430A0F269EE5}.Release|Any CPU.Build.0 = Release|Any CPU
	EndGlobalSection
	GlobalSection(SolutionProperties) = preSolution
		HideSolutionNode = FALSE
	EndGlobalSection
	GlobalSection(NestedProjects) = preSolution
		{5AC6C070-3CBE-4D41-A582-B4D0CB0754B0} = {BF73FC1A-FA9C-4B45-8969-8FF9C21F3FE2}
		{7A2E7F44-B637-4510-918C-430A0F269EE5} = {5AC6C070-3CBE-4D41-A582-B4D0CB0754B0}
	EndGlobalSection
	GlobalSection(ExtensibilityGlobals) = postSolution
		SolutionGuid = {F91B3FB6-559D-45AC-9992-10280ECD9863}
	EndGlobalSection
EndGlobal
